
Microsoft Visual Studio Solution File, Format Version 11.00
# Visual Studio 2010
Project("{8BC9CEB8-8B4A-11D0-8D11-00A0C91BC942}") = "Settlers2", "Settlers2\Settlers2.vcxproj", "{B2C7BB3C-EAE9-43CF-AC97-F1199AD6A03B}"
EndProject
Global
	GlobalSection(SolutionConfigurationPlatforms) = preSolution
		CodeAnalysis|Xbox 360 = CodeAnalysis|Xbox 360
		Debug|Xbox 360 = Debug|Xbox 360
		Profile_FastCap|Xbox 360 = Profile_FastCap|Xbox 360
		Profile|Xbox 360 = Profile|Xbox 360
		Release_LTCG|Xbox 360 = Release_LTCG|Xbox 360
		Release|Xbox 360 = Release|Xbox 360
	EndGlobalSection
	GlobalSection(ProjectConfigurationPlatforms) = postSolution
		{B2C7BB3C-EAE9-43CF-AC97-F1199AD6A03B}.CodeAnalysis|Xbox 360.ActiveCfg = CodeAnalysis|Xbox 360
		{B2C7BB3C-EAE9-43CF-AC97-F1199AD6A03B}.CodeAnalysis|Xbox 360.Build.0 = CodeAnalysis|Xbox 360
		{B2C7BB3C-EAE9-43CF-AC97-F1199AD6A03B}.Debug|Xbox 360.ActiveCfg = Debug|Xbox 360
		{B2C7BB3C-EAE9-43CF-AC97-F1199AD6A03B}.Debug|Xbox 360.Build.0 = Debug|Xbox 360
		{B2C7BB3C-EAE9-43CF-AC97-F1199AD6A03B}.Profile_FastCap|Xbox 360.ActiveCfg = Profile_FastCap|Xbox 360
		{B2C7BB3C-EAE9-43CF-AC97-F1199AD6A03B}.Profile_FastCap|Xbox 360.Build.0 = Profile_FastCap|Xbox 360
		{B2C7BB3C-EAE9-43CF-AC97-F1199AD6A03B}.Profile|Xbox 360.ActiveCfg = Profile|Xbox 360
		{B2C7BB3C-EAE9-43CF-AC97-F1199AD6A03B}.Profile|Xbox 360.Build.0 = Profile|Xbox 360
		{B2C7BB3C-EAE9-43CF-AC97-F1199AD6A03B}.Release_LTCG|Xbox 360.ActiveCfg = Release_LTCG|Xbox 360
		{B2C7BB3C-EAE9-43CF-AC97-F1199AD6A03B}.Release_LTCG|Xbox 360.Build.0 = Release_LTCG|Xbox 360
		{B2C7BB3C-EAE9-43CF-AC97-F1199AD6A03B}.Release|Xbox 360.ActiveCfg = Release|Xbox 360
		{B2C7BB3C-EAE9-43CF-AC97-F1199AD6A03B}.Release|Xbox 360.Build.0 = Release|Xbox 360
	EndGlobalSection
	GlobalSection(SolutionProperties) = preSolution
		HideSolutionNode = FALSE
	EndGlobalSection
EndGlobal
