<?xml version="1.0" encoding="utf-8"?>
<Project ToolsVersion="4.0" xmlns="http://schemas.microsoft.com/developer/msbuild/2003">
  <ItemGroup>
    <Filter Include="Source Files">
      <UniqueIdentifier>{4FC737F1-C7A5-4376-A066-2A32D752A2FF}</UniqueIdentifier>
      <Extensions>cpp;c;cxx;def;odl;idl;hpj;bat;asm;asmx</Extensions>
    </Filter>
    <Filter Include="Header Files">
      <UniqueIdentifier>{93995380-89BD-4b04-88EB-625FBE52EBFB}</UniqueIdentifier>
      <Extensions>h;hpp;hxx;hm;inl;inc;xsd</Extensions>
    </Filter>
    <Filter Include="Graphics">
      <UniqueIdentifier>{86fecf20-ef24-4961-a493-f5bcc716d19c}</UniqueIdentifier>
    </Filter>
    <Filter Include="Scene">
      <UniqueIdentifier>{eb7deee4-8bcb-40a7-8263-22f2e43f66bb}</UniqueIdentifier>
    </Filter>
    <Filter Include="World">
      <UniqueIdentifier>{cbab8910-2f7d-4e01-81a2-e1d0d635aa75}</UniqueIdentifier>
    </Filter>
    <Filter Include="World\Components">
      <UniqueIdentifier>{9889424f-1b03-4a02-8cbb-12fd82b0b99d}</UniqueIdentifier>
    </Filter>
    <Filter Include="Input">
      <UniqueIdentifier>{7102f2f4-7063-4bd5-89f7-c0336ee12462}</UniqueIdentifier>
    </Filter>
    <Filter Include="UI">
      <UniqueIdentifier>{8229fa69-0ebc-4e6d-b63d-0e0425105725}</UniqueIdentifier>
    </Filter>
    <Filter Include="Logic">
      <UniqueIdentifier>{a3f8c9e2-5d4a-4f8b-9e1a-3c7d6e5f8a9b}</UniqueIdentifier>
    </Filter>
    <Filter Include="Core">
      <UniqueIdentifier>{ac214393-6984-4121-be42-aff1af11169a}</UniqueIdentifier>
    </Filter>
    <Filter Include="Editor">
      <UniqueIdentifier>{e8fb69a9-8a84-47bb-9c64-5078584399c1}</UniqueIdentifier>
    </Filter>
    <Filter Include="World\Components\Systems">
      <UniqueIdentifier>{c0149c66-3688-46bb-8013-f3f649340e6d}</UniqueIdentifier>
    </Filter>
  </ItemGroup>
  <ItemGroup>
    <None Include="ReadMe.txt" />
  </ItemGroup>
  <ItemGroup>
    <ClInclude Include="stdafx.h">
      <Filter>Header Files</Filter>
    </ClInclude>
    <ClInclude Include="Graphics\BitmapFont.h">
      <Filter>Graphics</Filter>
    </ClInclude>
    <ClInclude Include="Graphics\BitmapText.h">
      <Filter>Graphics</Filter>
    </ClInclude>
    <ClInclude Include="Graphics\Camera.h">
      <Filter>Graphics</Filter>
    </ClInclude>
    <ClInclude Include="Graphics\Font.h">
      <Filter>Graphics</Filter>
    </ClInclude>
    <ClInclude Include="Graphics\OverlayFPS.h">
      <Filter>Graphics</Filter>
    </ClInclude>
    <ClInclude Include="Graphics\Renderer.h">
      <Filter>Graphics</Filter>
    </ClInclude>
    <ClInclude Include="Graphics\ShaderManager.h">
      <Filter>Graphics</Filter>
    </ClInclude>
    <ClInclude Include="Graphics\SpriteAtlas.h">
      <Filter>Graphics</Filter>
    </ClInclude>
    <ClInclude Include="Graphics\SpriteBatch.h">
      <Filter>Graphics</Filter>
    </ClInclude>
    <ClInclude Include="Graphics\TextManager.h">
      <Filter>Graphics</Filter>
    </ClInclude>
    <ClInclude Include="Graphics\SpriteRenderer.h">
      <Filter>Graphics</Filter>
    </ClInclude>
    <ClInclude Include="Graphics\BinFileManager.h">
      <Filter>Graphics</Filter>
    </ClInclude>
    <ClInclude Include="Graphics\TileRenderer.h">
      <Filter>Graphics</Filter>
    </ClInclude>
    <ClInclude Include="Scene\EditorScene.h">
      <Filter>Scene</Filter>
    </ClInclude>
    <ClInclude Include="Scene\GameScene.h">
      <Filter>Scene</Filter>
    </ClInclude>
    <ClInclude Include="Scene\LoadingScene.h">
      <Filter>Scene</Filter>
    </ClInclude>
    <ClInclude Include="Scene\MenuScene.h">
      <Filter>Scene</Filter>
    </ClInclude>
    <ClInclude Include="Scene\Scene.h">
      <Filter>Scene</Filter>
    </ClInclude>
    <ClInclude Include="Scene\SceneManager.h">
      <Filter>Scene</Filter>
    </ClInclude>
    <ClInclude Include="World\Entity.h">
      <Filter>World</Filter>
    </ClInclude>
    <ClInclude Include="World\EntityManager.h">
      <Filter>World</Filter>
    </ClInclude>
    <ClInclude Include="World\Map.h">
      <Filter>World</Filter>
    </ClInclude>
    <ClInclude Include="World\MapSerializer.h">
      <Filter>World</Filter>
    </ClInclude>
    <ClInclude Include="World\Tile.h">
      <Filter>World</Filter>
    </ClInclude>
    <ClInclude Include="World\TileLayer.h">
      <Filter>World</Filter>
    </ClInclude>
    <ClInclude Include="World\TileType.h">
      <Filter>World</Filter>
    </ClInclude>
    <ClInclude Include="World\Components\Collider.h">
      <Filter>World\Components</Filter>
    </ClInclude>
    <ClInclude Include="World\Components\IComponent.h">
      <Filter>World\Components</Filter>
    </ClInclude>
    <ClInclude Include="World\Components\Model.h">
      <Filter>World\Components</Filter>
    </ClInclude>
    <ClInclude Include="World\Components\ModelComponent.h">
      <Filter>World\Components</Filter>
    </ClInclude>
    <ClInclude Include="World\Components\Resource.h">
      <Filter>World\Components</Filter>
    </ClInclude>
    <ClInclude Include="World\Components\SpriteComponent.h">
      <Filter>World\Components</Filter>
    </ClInclude>
    <ClInclude Include="World\Components\Transform.h">
      <Filter>World\Components</Filter>
    </ClInclude>
    <ClInclude Include="World\Components\TransformComponent.h">
      <Filter>World\Components</Filter>
    </ClInclude>
    <ClInclude Include="World\Components\Unit.h">
      <Filter>World\Components</Filter>
    </ClInclude>
    <ClInclude Include="World\Systems\AISystem.h">
      <Filter>World\Components\Systems</Filter>
    </ClInclude>
    <ClInclude Include="World\Systems\EconomySystem.h">
      <Filter>World\Components\Systems</Filter>
    </ClInclude>
    <ClInclude Include="World\Systems\PathfindingSystem.h">
      <Filter>World\Components\Systems</Filter>
    </ClInclude>
    <ClInclude Include="World\Systems\PhysicsSystem.h">
      <Filter>World\Components\Systems</Filter>
    </ClInclude>
    <ClInclude Include="World\Systems\RenderSystem.h">
      <Filter>World\Components\Systems</Filter>
    </ClInclude>
    <ClInclude Include="Input\Gamepad.h">
      <Filter>Input</Filter>
    </ClInclude>
    <ClInclude Include="Input\InputContext.h">
      <Filter>Input</Filter>
    </ClInclude>
    <ClInclude Include="Input\InputManager.h">
      <Filter>Input</Filter>
    </ClInclude>
    <ClInclude Include="Input\ScreenKeyboard.h">
      <Filter>Input</Filter>
    </ClInclude>
    <ClInclude Include="Logic\MapConstants.h">
      <Filter>Logic</Filter>
    </ClInclude>
    <ClInclude Include="UI\BuildMenu.h">
      <Filter>UI</Filter>
    </ClInclude>
    <ClInclude Include="UI\Button.h">
      <Filter>UI</Filter>
    </ClInclude>
    <ClInclude Include="UI\EditorUI.h">
      <Filter>UI</Filter>
    </ClInclude>
    <ClInclude Include="UI\Minimap.h">
      <Filter>UI</Filter>
    </ClInclude>
    <ClInclude Include="UI\Panel.h">
      <Filter>UI</Filter>
    </ClInclude>
    <ClInclude Include="UI\ResourceBar.h">
      <Filter>UI</Filter>
    </ClInclude>
    <ClInclude Include="UI\UIManager.h">
      <Filter>UI</Filter>
    </ClInclude>
    <ClInclude Include="Graphics\TextureLoader.h">
      <Filter>Graphics</Filter>
    </ClInclude>
    <ClInclude Include="Core\GameEngine.h">
      <Filter>Core</Filter>
    </ClInclude>
    <ClInclude Include="Graphics\RadialMenu.h">
      <Filter>Graphics</Filter>
    </ClInclude>
    <ClInclude Include="Graphics\Quad.h">
      <Filter>Graphics</Filter>
    </ClInclude>
    <ClInclude Include="Graphics\GridMenu.h">
      <Filter>Graphics</Filter>
    </ClInclude>
    <ClInclude Include="Graphics\TextureRegistry.h">
      <Filter>Graphics</Filter>
    </ClInclude>
    <ClInclude Include="Graphics\Texture.h">
      <Filter>Graphics</Filter>
    </ClInclude>
    <ClInclude Include="UI\TilePalette.h">
      <Filter>Header Files</Filter>
    </ClInclude>
    <ClInclude Include="Logic\WeightMap.h">
      <Filter>Logic</Filter>
    </ClInclude>
    <ClInclude Include="Logic\IsoGrid.h">
      <Filter>Logic</Filter>
    </ClInclude>
    <ClInclude Include="Editor\MapEditor.h">
      <Filter>Editor</Filter>
    </ClInclude>
    <ClInclude Include="Logic\CoordinateSystem.h">
      <Filter>Logic</Filter>
    </ClInclude>
    <ClInclude Include="Input\InputController.h">
      <Filter>Input</Filter>
    </ClInclude>
    <ClInclude Include="UI\WeightMenu.h">
      <Filter>Header Files</Filter>
    </ClInclude>
    <ClInclude Include="World\Components\Resource.h">
      <Filter>Header Files</Filter>
    </ClInclude>
    <ClInclude Include="World\ResourceNode.h">
      <Filter>Header Files</Filter>
    </ClInclude>
    <ClInclude Include="Graphics\RenderTypes.h">
      <Filter>Graphics</Filter>
    </ClInclude>
  </ItemGroup>
  <ItemGroup>
    <ClCompile Include="stdafx.cpp">
      <Filter>Source Files</Filter>
    </ClCompile>
    <ClCompile Include="Settlers2.cpp">
      <Filter>Source Files</Filter>
    </ClCompile>
    <ClCompile Include="Graphics\BitmapFont.cpp">
      <Filter>Graphics</Filter>
    </ClCompile>
    <ClCompile Include="Graphics\BitmapText.cpp">
      <Filter>Graphics</Filter>
    </ClCompile>
    <ClCompile Include="Graphics\Camera.cpp">
      <Filter>Graphics</Filter>
    </ClCompile>
    <ClCompile Include="Graphics\OverlayFPS.cpp">
      <Filter>Graphics</Filter>
    </ClCompile>
    <ClCompile Include="Graphics\Renderer.cpp">
      <Filter>Graphics</Filter>
    </ClCompile>
    <ClCompile Include="Graphics\ShaderManager.cpp">
      <Filter>Graphics</Filter>
    </ClCompile>
    <ClCompile Include="Graphics\SpriteAtlas.cpp">
      <Filter>Graphics</Filter>
    </ClCompile>
    <ClCompile Include="Graphics\SpriteBatch.cpp">
      <Filter>Graphics</Filter>
    </ClCompile>
    <ClCompile Include="Graphics\SpriteRenderer.cpp">
      <Filter>Graphics</Filter>
    </ClCompile>
    <ClCompile Include="Graphics\TextManager.cpp">
      <Filter>Graphics</Filter>
    </ClCompile>
    <ClCompile Include="Graphics\BinFileManager.cpp">
      <Filter>Graphics</Filter>
    </ClCompile>
    <ClCompile Include="Graphics\TileRenderer.cpp">
      <Filter>Graphics</Filter>
    </ClCompile>
    <ClCompile Include="Scene\EditorScene.cpp">
      <Filter>Scene</Filter>
    </ClCompile>
    <ClCompile Include="Scene\GameScene.cpp">
      <Filter>Scene</Filter>
    </ClCompile>
    <ClCompile Include="Scene\LoadingScene.cpp">
      <Filter>Scene</Filter>
    </ClCompile>
    <ClCompile Include="Scene\MenuScene.cpp">
      <Filter>Scene</Filter>
    </ClCompile>
    <ClCompile Include="Scene\Scene.cpp">
      <Filter>Scene</Filter>
    </ClCompile>
    <ClCompile Include="Scene\SceneManager.cpp">
      <Filter>Scene</Filter>
    </ClCompile>
    <ClCompile Include="World\Entity.cpp">
      <Filter>World</Filter>
    </ClCompile>
    <ClCompile Include="World\EntityManager.cpp">
      <Filter>World</Filter>
    </ClCompile>
    <ClCompile Include="World\Map.cpp">
      <Filter>World</Filter>
    </ClCompile>
    <ClCompile Include="World\MapSerializer.cpp">
      <Filter>World</Filter>
    </ClCompile>
    <ClCompile Include="World\TileLayer.cpp">
      <Filter>World</Filter>
    </ClCompile>
    <ClCompile Include="World\Components\Collider.cpp">
      <Filter>World\Components</Filter>
    </ClCompile>
    <ClCompile Include="World\Components\Model.cpp">
      <Filter>World\Components</Filter>
    </ClCompile>
    <ClCompile Include="World\Components\Resource.cpp">
      <Filter>World\Components</Filter>
    </ClCompile>
    <ClCompile Include="World\Components\Sprite.cpp">
      <Filter>World\Components</Filter>
    </ClCompile>
    <ClCompile Include="World\Components\Transform.cpp">
      <Filter>World\Components</Filter>
    </ClCompile>
    <ClCompile Include="World\Components\Unit.cpp">
      <Filter>World\Components</Filter>
    </ClCompile>
    <ClCompile Include="World\Systems\AISystem.cpp">
      <Filter>World\Components\Systems</Filter>
    </ClCompile>
    <ClCompile Include="World\Systems\EconomySystem.cpp">
      <Filter>World\Components\Systems</Filter>
    </ClCompile>
    <ClCompile Include="World\Systems\PathfindingSystem.cpp">
      <Filter>World\Components\Systems</Filter>
    </ClCompile>
    <ClCompile Include="World\Systems\PhysicsSystem.cpp">
      <Filter>World\Components\Systems</Filter>
    </ClCompile>
    <ClCompile Include="World\Systems\RenderSystem.cpp">
      <Filter>World\Components\Systems</Filter>
    </ClCompile>
    <ClCompile Include="Input\Gamepad.cpp">
      <Filter>Input</Filter>
    </ClCompile>
    <ClCompile Include="Input\InputContext.cpp">
      <Filter>Input</Filter>
    </ClCompile>
    <ClCompile Include="Input\InputManager.cpp">
      <Filter>Input</Filter>
    </ClCompile>
    <ClCompile Include="Input\ScreenKeyboard.cpp">
      <Filter>Input</Filter>
    </ClCompile>
    <ClCompile Include="UI\BuildMenu.cpp">
      <Filter>UI</Filter>
    </ClCompile>
    <ClCompile Include="UI\Button.cpp">
      <Filter>UI</Filter>
    </ClCompile>
    <ClCompile Include="UI\EditorUI.cpp">
      <Filter>UI</Filter>
    </ClCompile>
    <ClCompile Include="UI\Minimap.cpp">
      <Filter>UI</Filter>
    </ClCompile>
    <ClCompile Include="UI\Panel.cpp">
      <Filter>UI</Filter>
    </ClCompile>
    <ClCompile Include="UI\ResourceBar.cpp">
      <Filter>UI</Filter>
    </ClCompile>
    <ClCompile Include="UI\UIManager.cpp">
      <Filter>UI</Filter>
    </ClCompile>
    <ClCompile Include="UI\Widget.cpp">
      <Filter>UI</Filter>
    </ClCompile>
    <ClCompile Include="Graphics\TextureLoader.cpp">
      <Filter>Graphics</Filter>
    </ClCompile>
    <ClCompile Include="Core\GameEngine.cpp">
      <Filter>Core</Filter>
    </ClCompile>
    <ClCompile Include="Graphics\RadialMenu.cpp">
      <Filter>Graphics</Filter>
    </ClCompile>
    <ClCompile Include="Graphics\Quad.cpp">
      <Filter>Graphics</Filter>
    </ClCompile>
    <ClCompile Include="Graphics\GridMenu.cpp">
      <Filter>Graphics</Filter>
    </ClCompile>
    <ClCompile Include="Graphics\TextureRegistry.cpp">
      <Filter>Graphics</Filter>
    </ClCompile>
    <ClCompile Include="UI\TilePalette.cpp">
      <Filter>Source Files</Filter>
    </ClCompile>
    <ClCompile Include="Logic\WeightMap.cpp">
      <Filter>Logic</Filter>
    </ClCompile>
    <ClCompile Include="Logic\IsoGrid.cpp">
      <Filter>Logic</Filter>
    </ClCompile>
    <ClCompile Include="Editor\MapEditor.cpp">
      <Filter>Editor</Filter>
    </ClCompile>
    <ClCompile Include="World\Components\Building.cpp">
      <Filter>UI</Filter>
    </ClCompile>
    <ClCompile Include="Input\InputController.cpp">
      <Filter>Input</Filter>
    </ClCompile>
    <ClCompile Include="UI\WeightMenu.cpp">
      <Filter>Source Files</Filter>
    </ClCompile>
  </ItemGroup>
</Project>